
Microsoft Visual Studio Solution File, Format Version 12.00
# Visual Studio Version 16
VisualStudioVersion = 16.0.31410.357
MinimumVisualStudioVersion = 10.0.40219.1
Project("{FAE04EC0-301F-11D3-BF4B-00C04F79EFBC}") = "Api", "Api.csproj", "{FBF0AEB7-2C63-4289-9B3F-43C1416DCFA5}"
EndProject
Project("{FAE04EC0-301F-11D3-BF4B-00C04F79EFBC}") = "DataAccess", "DataAccess\DataAccess.csproj", "{826EB960-D03D-4D9F-AEBF-4548D45582E6}"
EndProject
Project("{FAE04EC0-301F-11D3-BF4B-00C04F79EFBC}") = "CommonSolution", "CommonSolution\CommonSolution.csproj", "{5696494B-7E59-48D8-8EC7-73B70D9A90BE}"
EndProject
Project("{2150E333-8FDC-42A3-9474-1A3956D46DE8}") = "Api", "Api", "{A36A14FC-1C71-490C-9568-D12218C4D23A}"
EndProject
Project("{2150E333-8FDC-42A3-9474-1A3956D46DE8}") = "Common", "Common", "{0388EFA2-D63F-41DE-8398-3CE5A1FE32C9}"
EndProject
Project("{2150E333-8FDC-42A3-9474-1A3956D46DE8}") = "DataAccess", "DataAccess", "{C34FD3F6-4847-4A67-AE9D-F4919E3007CA}"
EndProject
Project("{2150E333-8FDC-42A3-9474-1A3956D46DE8}") = "Services", "Services", "{98DEE37C-4E8E-4809-9D4C-8B5814A87CCF}"
EndProject
Project("{2150E333-8FDC-42A3-9474-1A3956D46DE8}") = "Business", "Business", "{81CED09E-3676-477D-AB02-FBEEE39534AC}"
EndProject
Project("{FAE04EC0-301F-11D3-BF4B-00C04F79EFBC}") = "Business", "..\Business\Business.csproj", "{5EC4A7FA-1B31-4E30-AA11-A969E8AF1B06}"
EndProject
Project("{FAE04EC0-301F-11D3-BF4B-00C04F79EFBC}") = "Services", "..\Services\Services.csproj", "{29E77AE5-4A21-412B-82F6-BFF9CB0701D0}"
EndProject
Global
	GlobalSection(SolutionConfigurationPlatforms) = preSolution
		Debug|Any CPU = Debug|Any CPU
		Release|Any CPU = Release|Any CPU
	EndGlobalSection
	GlobalSection(ProjectConfigurationPlatforms) = postSolution
		{FBF0AEB7-2C63-4289-9B3F-43C1416DCFA5}.Debug|Any CPU.ActiveCfg = Debug|Any CPU
		{FBF0AEB7-2C63-4289-9B3F-43C1416DCFA5}.Debug|Any CPU.Build.0 = Debug|Any CPU
		{FBF0AEB7-2C63-4289-9B3F-43C1416DCFA5}.Release|Any CPU.ActiveCfg = Release|Any CPU
		{FBF0AEB7-2C63-4289-9B3F-43C1416DCFA5}.Release|Any CPU.Build.0 = Release|Any CPU
		{826EB960-D03D-4D9F-AEBF-4548D45582E6}.Debug|Any CPU.ActiveCfg = Debug|Any CPU
		{826EB960-D03D-4D9F-AEBF-4548D45582E6}.Debug|Any CPU.Build.0 = Debug|Any CPU
		{826EB960-D03D-4D9F-AEBF-4548D45582E6}.Release|Any CPU.ActiveCfg = Release|Any CPU
		{826EB960-D03D-4D9F-AEBF-4548D45582E6}.Release|Any CPU.Build.0 = Release|Any CPU
		{5696494B-7E59-48D8-8EC7-73B70D9A90BE}.Debug|Any CPU.ActiveCfg = Debug|Any CPU
		{5696494B-7E59-48D8-8EC7-73B70D9A90BE}.Debug|Any CPU.Build.0 = Debug|Any CPU
		{5696494B-7E59-48D8-8EC7-73B70D9A90BE}.Release|Any CPU.ActiveCfg = Release|Any CPU
		{5696494B-7E59-48D8-8EC7-73B70D9A90BE}.Release|Any CPU.Build.0 = Release|Any CPU
		{5EC4A7FA-1B31-4E30-AA11-A969E8AF1B06}.Debug|Any CPU.ActiveCfg = Debug|Any CPU
		{5EC4A7FA-1B31-4E30-AA11-A969E8AF1B06}.Debug|Any CPU.Build.0 = Debug|Any CPU
		{5EC4A7FA-1B31-4E30-AA11-A969E8AF1B06}.Release|Any CPU.ActiveCfg = Release|Any CPU
		{5EC4A7FA-1B31-4E30-AA11-A969E8AF1B06}.Release|Any CPU.Build.0 = Release|Any CPU
		{29E77AE5-4A21-412B-82F6-BFF9CB0701D0}.Debug|Any CPU.ActiveCfg = Debug|Any CPU
		{29E77AE5-4A21-412B-82F6-BFF9CB0701D0}.Debug|Any CPU.Build.0 = Debug|Any CPU
		{29E77AE5-4A21-412B-82F6-BFF9CB0701D0}.Release|Any CPU.ActiveCfg = Release|Any CPU
		{29E77AE5-4A21-412B-82F6-BFF9CB0701D0}.Release|Any CPU.Build.0 = Release|Any CPU
	EndGlobalSection
	GlobalSection(SolutionProperties) = preSolution
		HideSolutionNode = FALSE
	EndGlobalSection
	GlobalSection(NestedProjects) = preSolution
		{FBF0AEB7-2C63-4289-9B3F-43C1416DCFA5} = {A36A14FC-1C71-490C-9568-D12218C4D23A}
		{826EB960-D03D-4D9F-AEBF-4548D45582E6} = {C34FD3F6-4847-4A67-AE9D-F4919E3007CA}
		{5696494B-7E59-48D8-8EC7-73B70D9A90BE} = {0388EFA2-D63F-41DE-8398-3CE5A1FE32C9}
		{5EC4A7FA-1B31-4E30-AA11-A969E8AF1B06} = {81CED09E-3676-477D-AB02-FBEEE39534AC}
		{29E77AE5-4A21-412B-82F6-BFF9CB0701D0} = {98DEE37C-4E8E-4809-9D4C-8B5814A87CCF}
	EndGlobalSection
	GlobalSection(ExtensibilityGlobals) = postSolution
		SolutionGuid = {376E9566-6F75-4A06-A6F1-BC823CD2E3AF}
	EndGlobalSection
EndGlobal
